{
    "version": 3,
    "terraform_version": "0.11.11",
    "serial": 45,
    "lineage": "7df6870d-2d7b-53ec-4e19-7445e9719d4b",
    "modules": [
        {
            "path": [
                "root"
            ],
            "outputs": {
                "amis": {
                    "sensitive": false,
                    "type": "string",
                    "value": "ami-0b0aea60d5230c42c"
                },
                "ns-servers": {
                    "sensitive": false,
                    "type": "list",
                    "value": [
                        "ns-1274.awsdns-31.org",
                        "ns-1761.awsdns-28.co.uk",
                        "ns-382.awsdns-47.com",
                        "ns-660.awsdns-18.net"
                    ]
                },
                "public_ip": {
                    "sensitive": false,
                    "type": "string",
                    "value": "ssh ubuntu@34.245.215.170 -i demo9-key"
                }
            },
            "resources": {
                "aws_default_security_group.demo9-vpc-sec-group": {
                    "type": "aws_default_security_group",
                    "depends_on": [
                        "aws_vpc.demo9-small-vpc"
                    ],
                    "primary": {
                        "id": "sg-0c5fb4c209523a8a6",
                        "attributes": {
                            "arn": "arn:aws:ec2:eu-west-1:868631396238:security-group/sg-0c5fb4c209523a8a6",
                            "egress.#": "1",
                            "egress.482069346.cidr_blocks.#": "1",
                            "egress.482069346.cidr_blocks.0": "0.0.0.0/0",
                            "egress.482069346.description": "",
                            "egress.482069346.from_port": "0",
                            "egress.482069346.ipv6_cidr_blocks.#": "0",
                            "egress.482069346.prefix_list_ids.#": "0",
                            "egress.482069346.protocol": "-1",
                            "egress.482069346.security_groups.#": "0",
                            "egress.482069346.self": "false",
                            "egress.482069346.to_port": "0",
                            "id": "sg-0c5fb4c209523a8a6",
                            "ingress.#": "1",
                            "ingress.2115302472.cidr_blocks.#": "1",
                            "ingress.2115302472.cidr_blocks.0": "213.159.247.126/32",
                            "ingress.2115302472.description": "",
                            "ingress.2115302472.from_port": "22",
                            "ingress.2115302472.ipv6_cidr_blocks.#": "0",
                            "ingress.2115302472.prefix_list_ids.#": "0",
                            "ingress.2115302472.protocol": "tcp",
                            "ingress.2115302472.security_groups.#": "0",
                            "ingress.2115302472.self": "false",
                            "ingress.2115302472.to_port": "22",
                            "name": "default",
                            "owner_id": "868631396238",
                            "revoke_rules_on_delete": "false",
                            "tags.%": "0",
                            "vpc_id": "vpc-09d7a3bb8f130cb82"
                        },
                        "meta": {
                            "e2bfb730-ecaa-11e6-8f88-34363bc7c4c0": {
                                "create": 600000000000,
                                "delete": 600000000000
                            },
                            "schema_version": "1"
                        },
                        "tainted": false
                    },
                    "deposed": [],
                    "provider": "provider.aws"
                },
                "aws_ebs_volume.demo9-ebs-volume-1": {
                    "type": "aws_ebs_volume",
                    "depends_on": [],
                    "primary": {
                        "id": "vol-09038034b26c5e9c9",
                        "attributes": {
                            "arn": "arn:aws:ec2:eu-west-1:868631396238:volume/vol-09038034b26c5e9c9",
                            "availability_zone": "eu-west-1a",
                            "encrypted": "false",
                            "id": "vol-09038034b26c5e9c9",
                            "size": "20",
                            "snapshot_id": "",
                            "tags.%": "0",
                            "type": "gp2"
                        },
                        "meta": {},
                        "tainted": false
                    },
                    "deposed": [],
                    "provider": "provider.aws"
                },
                "aws_instance.t2_micro": {
                    "type": "aws_instance",
                    "depends_on": [
                        "aws_key_pair.aws-t2_micro-key",
                        "aws_subnet.demo9-pub-subnet",
                        "data.aws_ami.ubuntu_amis",
                        "data.template_cloudinit_config.t2_micro_init_config"
                    ],
                    "primary": {
                        "id": "i-07af0ec72084a7308",
                        "attributes": {
                            "ami": "ami-0b0aea60d5230c42c",
                            "arn": "arn:aws:ec2:eu-west-1:868631396238:instance/i-07af0ec72084a7308",
                            "associate_public_ip_address": "true",
                            "availability_zone": "eu-west-1a",
                            "cpu_core_count": "1",
                            "cpu_threads_per_core": "1",
                            "credit_specification.#": "1",
                            "credit_specification.0.cpu_credits": "standard",
                            "disable_api_termination": "false",
                            "ebs_block_device.#": "1",
                            "ebs_block_device.3846643179.delete_on_termination": "false",
                            "ebs_block_device.3846643179.device_name": "/dev/xvdh",
                            "ebs_block_device.3846643179.encrypted": "false",
                            "ebs_block_device.3846643179.iops": "100",
                            "ebs_block_device.3846643179.snapshot_id": "",
                            "ebs_block_device.3846643179.volume_id": "vol-09038034b26c5e9c9",
                            "ebs_block_device.3846643179.volume_size": "20",
                            "ebs_block_device.3846643179.volume_type": "gp2",
                            "ebs_optimized": "false",
                            "ephemeral_block_device.#": "0",
                            "get_password_data": "false",
                            "iam_instance_profile": "",
                            "id": "i-07af0ec72084a7308",
                            "instance_state": "running",
                            "instance_type": "t2.micro",
                            "ipv6_addresses.#": "0",
                            "key_name": "aws-t2_micro-key",
                            "monitoring": "false",
                            "network_interface.#": "0",
                            "password_data": "",
                            "placement_group": "",
                            "primary_network_interface_id": "eni-0bb2c6ec8a21a893a",
                            "private_dns": "ip-10-0-1-163.eu-west-1.compute.internal",
                            "private_ip": "10.0.1.163",
                            "public_dns": "ec2-34-245-215-170.eu-west-1.compute.amazonaws.com",
                            "public_ip": "34.245.215.170",
                            "root_block_device.#": "1",
                            "root_block_device.0.delete_on_termination": "true",
                            "root_block_device.0.iops": "100",
                            "root_block_device.0.volume_id": "vol-06ef8ce402c6004b4",
                            "root_block_device.0.volume_size": "8",
                            "root_block_device.0.volume_type": "gp2",
                            "security_groups.#": "0",
                            "source_dest_check": "true",
                            "subnet_id": "subnet-0c573f01837a8b617",
                            "tags.%": "1",
                            "tags.Name": "T2_Micro_terraform",
                            "tenancy": "default",
                            "user_data": "623aa31358b8e5dfb794d2a496385236dd4addd3",
                            "volume_tags.%": "0",
                            "vpc_security_group_ids.#": "1",
                            "vpc_security_group_ids.1701900038": "sg-0c5fb4c209523a8a6"
                        },
                        "meta": {
                            "e2bfb730-ecaa-11e6-8f88-34363bc7c4c0": {
                                "create": 600000000000,
                                "delete": 1200000000000,
                                "update": 600000000000
                            },
                            "schema_version": "1"
                        },
                        "tainted": false
                    },
                    "deposed": [],
                    "provider": "provider.aws"
                },
                "aws_internet_gateway.demo9-small-vpc-gw": {
                    "type": "aws_internet_gateway",
                    "depends_on": [
                        "aws_vpc.demo9-small-vpc"
                    ],
                    "primary": {
                        "id": "igw-09344e1a42123bbab",
                        "attributes": {
                            "id": "igw-09344e1a42123bbab",
                            "owner_id": "868631396238",
                            "tags.%": "0",
                            "vpc_id": "vpc-09d7a3bb8f130cb82"
                        },
                        "meta": {},
                        "tainted": false
                    },
                    "deposed": [],
                    "provider": "provider.aws"
                },
                "aws_key_pair.aws-t2_micro-key": {
                    "type": "aws_key_pair",
                    "depends_on": [],
                    "primary": {
                        "id": "aws-t2_micro-key",
                        "attributes": {
                            "fingerprint": "bc:69:94:90:a4:e4:39:f1:aa:92:0a:d2:c3:d6:12:3d",
                            "id": "aws-t2_micro-key",
                            "key_name": "aws-t2_micro-key",
                            "public_key": "ssh-rsa AAAAB3NzaC1yc2EAAAADAQABAAABAQDkFbHzksx9DSq9/GhsXtFoCcvVspF4+0/awMgPodpLbgT0PYZkMnpvU56kJEKit6IomqN31vGxyJ8xU2bSoH4EmqzGjXXMFITiNAeZkJO+DIhKBvmYKJ6iCXvWr2f6mh1bIiO6lhi9J+S+vrirNQNnc2cyNK97K5xvWNVZdwud/dewcpnSO7UzTjt4CAyGkSMIAst7kRhTN8U6Um0mrlhGY17ZIYQHf3wcGWHqxTBHYMDn64KS14QGWF7F00RvLXD+pMsQapAdVfkH3Y0popugmikTcivJ5D1Kt1Wx+PkXKCHdJOIrWM/UP2+OIPtvDQbM+O4awBiNGHXlZckxRpBP perandr@perandr-XPS15"
                        },
                        "meta": {
                            "schema_version": "1"
                        },
                        "tainted": false
                    },
                    "deposed": [],
                    "provider": "provider.aws"
                },
                "aws_route53_record.perandr-record": {
                    "type": "aws_route53_record",
                    "depends_on": [
                        "aws_instance.t2_micro",
                        "aws_route53_zone.perandr-zone"
                    ],
                    "primary": {
                        "id": "Z119VG1ODJF6FQ_aws.perandr.top_A",
                        "attributes": {
                            "fqdn": "aws.perandr.top",
                            "id": "Z119VG1ODJF6FQ_aws.perandr.top_A",
                            "name": "aws.perandr.top",
                            "records.#": "1",
                            "records.3809026598": "34.245.215.170",
                            "ttl": "300",
                            "type": "A",
                            "zone_id": "Z119VG1ODJF6FQ"
                        },
                        "meta": {
                            "schema_version": "2"
                        },
                        "tainted": false
                    },
                    "deposed": [],
                    "provider": "provider.aws"
                },
                "aws_route53_zone.perandr-zone": {
                    "type": "aws_route53_zone",
                    "depends_on": [],
                    "primary": {
                        "id": "Z119VG1ODJF6FQ",
                        "attributes": {
                            "comment": "Managed by Terraform",
                            "delegation_set_id": "",
                            "force_destroy": "false",
                            "id": "Z119VG1ODJF6FQ",
                            "name": "aws.perandr.top.",
                            "name_servers.#": "4",
                            "name_servers.0": "ns-1274.awsdns-31.org",
                            "name_servers.1": "ns-1761.awsdns-28.co.uk",
                            "name_servers.2": "ns-382.awsdns-47.com",
                            "name_servers.3": "ns-660.awsdns-18.net",
                            "tags.%": "0",
                            "vpc.#": "0",
                            "zone_id": "Z119VG1ODJF6FQ"
                        },
                        "meta": {},
                        "tainted": false
                    },
                    "deposed": [],
                    "provider": "provider.aws"
                },
                "aws_route_table.demo9-route-table": {
                    "type": "aws_route_table",
                    "depends_on": [
                        "aws_internet_gateway.demo9-small-vpc-gw",
                        "aws_vpc.demo9-small-vpc"
                    ],
                    "primary": {
                        "id": "rtb-057c0190b10d2ed28",
                        "attributes": {
                            "id": "rtb-057c0190b10d2ed28",
                            "owner_id": "868631396238",
                            "propagating_vgws.#": "0",
                            "route.#": "1",
                            "route.2638845567.cidr_block": "0.0.0.0/0",
                            "route.2638845567.egress_only_gateway_id": "",
                            "route.2638845567.gateway_id": "igw-09344e1a42123bbab",
                            "route.2638845567.instance_id": "",
                            "route.2638845567.ipv6_cidr_block": "",
                            "route.2638845567.nat_gateway_id": "",
                            "route.2638845567.network_interface_id": "",
                            "route.2638845567.transit_gateway_id": "",
                            "route.2638845567.vpc_peering_connection_id": "",
                            "tags.%": "0",
                            "vpc_id": "vpc-09d7a3bb8f130cb82"
                        },
                        "meta": {},
                        "tainted": false
                    },
                    "deposed": [],
                    "provider": "provider.aws"
                },
                "aws_route_table_association.demo9-route-table-assoc": {
                    "type": "aws_route_table_association",
                    "depends_on": [
                        "aws_route_table.demo9-route-table",
                        "aws_subnet.demo9-pub-subnet"
                    ],
                    "primary": {
                        "id": "rtbassoc-037bcd22dd78b5054",
                        "attributes": {
                            "id": "rtbassoc-037bcd22dd78b5054",
                            "route_table_id": "rtb-057c0190b10d2ed28",
                            "subnet_id": "subnet-0c573f01837a8b617"
                        },
                        "meta": {},
                        "tainted": false
                    },
                    "deposed": [],
                    "provider": "provider.aws"
                },
                "aws_subnet.demo9-pub-subnet": {
                    "type": "aws_subnet",
                    "depends_on": [
                        "aws_vpc.demo9-small-vpc"
                    ],
                    "primary": {
                        "id": "subnet-0c573f01837a8b617",
                        "attributes": {
                            "arn": "arn:aws:ec2:eu-west-1:868631396238:subnet/subnet-0c573f01837a8b617",
                            "assign_ipv6_address_on_creation": "false",
                            "availability_zone": "eu-west-1a",
                            "availability_zone_id": "euw1-az2",
                            "cidr_block": "10.0.1.0/24",
                            "id": "subnet-0c573f01837a8b617",
                            "ipv6_cidr_block": "",
                            "ipv6_cidr_block_association_id": "",
                            "map_public_ip_on_launch": "true",
                            "owner_id": "868631396238",
                            "tags.%": "0",
                            "vpc_id": "vpc-09d7a3bb8f130cb82"
                        },
                        "meta": {
                            "e2bfb730-ecaa-11e6-8f88-34363bc7c4c0": {
                                "create": 600000000000,
                                "delete": 600000000000
                            },
                            "schema_version": "1"
                        },
                        "tainted": false
                    },
                    "deposed": [],
                    "provider": "provider.aws"
                },
                "aws_volume_attachment.demo9-ebs-volume-1-attach": {
                    "type": "aws_volume_attachment",
                    "depends_on": [
                        "aws_ebs_volume.demo9-ebs-volume-1",
                        "aws_instance.t2_micro"
                    ],
                    "primary": {
                        "id": "vai-3149558515",
                        "attributes": {
                            "device_name": "/dev/xvdh",
                            "id": "vai-3149558515",
                            "instance_id": "i-07af0ec72084a7308",
                            "skip_destroy": "true",
                            "volume_id": "vol-09038034b26c5e9c9"
                        },
                        "meta": {},
                        "tainted": false
                    },
                    "deposed": [],
                    "provider": "provider.aws"
                },
                "aws_vpc.demo9-small-vpc": {
                    "type": "aws_vpc",
                    "depends_on": [],
                    "primary": {
                        "id": "vpc-09d7a3bb8f130cb82",
                        "attributes": {
                            "arn": "arn:aws:ec2:eu-west-1:868631396238:vpc/vpc-09d7a3bb8f130cb82",
                            "assign_generated_ipv6_cidr_block": "false",
                            "cidr_block": "10.0.0.0/16",
                            "default_network_acl_id": "acl-02d80b7e6667d9f05",
                            "default_route_table_id": "rtb-06077717809c304a0",
                            "default_security_group_id": "sg-0c5fb4c209523a8a6",
                            "dhcp_options_id": "dopt-a16f0fc7",
                            "enable_classiclink": "false",
                            "enable_classiclink_dns_support": "false",
                            "enable_dns_hostnames": "true",
                            "enable_dns_support": "true",
                            "id": "vpc-09d7a3bb8f130cb82",
                            "instance_tenancy": "default",
                            "ipv6_association_id": "",
                            "ipv6_cidr_block": "",
                            "main_route_table_id": "rtb-06077717809c304a0",
                            "owner_id": "868631396238",
                            "tags.%": "0"
                        },
                        "meta": {
                            "schema_version": "1"
                        },
                        "tainted": false
                    },
                    "deposed": [],
                    "provider": "provider.aws"
                },
                "data.aws_ami.ubuntu_amis": {
                    "type": "aws_ami",
                    "depends_on": [],
                    "primary": {
                        "id": "ami-0b0aea60d5230c42c",
                        "attributes": {
                            "architecture": "x86_64",
                            "block_device_mappings.#": "3",
                            "block_device_mappings.1634610537.device_name": "/dev/sdb",
                            "block_device_mappings.1634610537.ebs.%": "0",
                            "block_device_mappings.1634610537.no_device": "",
                            "block_device_mappings.1634610537.virtual_name": "ephemeral0",
                            "block_device_mappings.2547816212.device_name": "/dev/sda1",
                            "block_device_mappings.2547816212.ebs.%": "6",
                            "block_device_mappings.2547816212.ebs.delete_on_termination": "true",
                            "block_device_mappings.2547816212.ebs.encrypted": "false",
                            "block_device_mappings.2547816212.ebs.iops": "0",
                            "block_device_mappings.2547816212.ebs.snapshot_id": "snap-029c841b02d957dd6",
                            "block_device_mappings.2547816212.ebs.volume_size": "8",
                            "block_device_mappings.2547816212.ebs.volume_type": "gp2",
                            "block_device_mappings.2547816212.no_device": "",
                            "block_device_mappings.2547816212.virtual_name": "",
                            "block_device_mappings.3850042718.device_name": "/dev/sdc",
                            "block_device_mappings.3850042718.ebs.%": "0",
                            "block_device_mappings.3850042718.no_device": "",
                            "block_device_mappings.3850042718.virtual_name": "ephemeral1",
                            "creation_date": "2019-02-13T12:36:51.000Z",
                            "description": "Canonical, Ubuntu Minimal, 18.04 LTS, amd64 bionic image build on 2019-02-12",
                            "filter.#": "2",
                            "filter.2397658431.name": "name",
                            "filter.2397658431.values.#": "1",
                            "filter.2397658431.values.0": "*ubuntu-minimal/images/hvm-ssd/ubuntu-bionic-18.04*",
                            "filter.490168357.name": "virtualization-type",
                            "filter.490168357.values.#": "1",
                            "filter.490168357.values.0": "hvm",
                            "hypervisor": "xen",
                            "id": "ami-0b0aea60d5230c42c",
                            "image_id": "ami-0b0aea60d5230c42c",
                            "image_location": "099720109477/ubuntu-minimal/images/hvm-ssd/ubuntu-bionic-18.04-amd64-minimal-20190212",
                            "image_type": "machine",
                            "most_recent": "true",
                            "name": "ubuntu-minimal/images/hvm-ssd/ubuntu-bionic-18.04-amd64-minimal-20190212",
                            "owner_id": "099720109477",
                            "owners.#": "1",
                            "owners.0": "099720109477",
                            "product_codes.#": "0",
                            "public": "true",
                            "root_device_name": "/dev/sda1",
                            "root_device_type": "ebs",
                            "root_snapshot_id": "snap-029c841b02d957dd6",
                            "sriov_net_support": "simple",
                            "state": "available",
                            "state_reason.%": "2",
                            "state_reason.code": "UNSET",
                            "state_reason.message": "UNSET",
                            "tags.%": "0",
                            "virtualization_type": "hvm"
                        },
                        "meta": {},
                        "tainted": false
                    },
                    "deposed": [],
                    "provider": "provider.aws"
                },
                "data.template_cloudinit_config.t2_micro_init_config": {
                    "type": "template_cloudinit_config",
                    "depends_on": [
                        "data.template_file.t2_micro_init_script",
                        "data.template_file.t2_micro_shell_script"
                    ],
                    "primary": {
                        "id": "1164025170",
                        "attributes": {
                            "base64_encode": "false",
                            "gzip": "false",
                            "id": "1164025170",
                            "part.#": "2",
                            "part.0.content": "#cloud-config\n\nrepo_update: true\nrepo upgrade: all\n\npackages:\n  - docker.io\n  - lvm2\n\noutput:\n  all: '| tee -a /var/log/cloud-init-output.log'",
                            "part.0.content_type": "text/cloud-config",
                            "part.0.filename": "init.cfg",
                            "part.0.merge_type": "",
                            "part.1.content": "#!/bin/bash\n\necho \"Hello from template bash\"\nvgchange -ay\nDEVICE_FS=`blkid -o value -s TYPE /dev/xvdh`\n\nif [ \"`echo -n $DEVICE_FS`\" == \"\" ] ; then\n    pvcreate /dev/xvdh\n    vgcreate data /dev/xvdh\n    lvcreate --name ebs_volume -l 100%FREE data \n    mkfs.ext4 /dev/data/ebs_volume\nfi\necho $DEVICE_FS\nmkdir -p /data\necho '/dev/data/ebs_volume /data ext4 defaults 0 0' \u003e\u003e /etc/fstab \nmount /data\n\necho \"Hello in file\" \u003e\u003e /data/runs.txt\n",
                            "part.1.content_type": "text/x-shellscript",
                            "part.1.filename": "",
                            "part.1.merge_type": "",
                            "rendered": "Content-Type: multipart/mixed; boundary=\"MIMEBOUNDARY\"\nMIME-Version: 1.0\r\n\r\n--MIMEBOUNDARY\r\nContent-Disposition: attachment; filename=\"init.cfg\"\r\nContent-Transfer-Encoding: 7bit\r\nContent-Type: text/cloud-config\r\nMime-Version: 1.0\r\n\r\n#cloud-config\n\nrepo_update: true\nrepo upgrade: all\n\npackages:\n  - docker.io\n  - lvm2\n\noutput:\n  all: '| tee -a /var/log/cloud-init-output.log'\r\n--MIMEBOUNDARY\r\nContent-Transfer-Encoding: 7bit\r\nContent-Type: text/x-shellscript\r\nMime-Version: 1.0\r\n\r\n#!/bin/bash\n\necho \"Hello from template bash\"\nvgchange -ay\nDEVICE_FS=`blkid -o value -s TYPE /dev/xvdh`\n\nif [ \"`echo -n $DEVICE_FS`\" == \"\" ] ; then\n    pvcreate /dev/xvdh\n    vgcreate data /dev/xvdh\n    lvcreate --name ebs_volume -l 100%FREE data \n    mkfs.ext4 /dev/data/ebs_volume\nfi\necho $DEVICE_FS\nmkdir -p /data\necho '/dev/data/ebs_volume /data ext4 defaults 0 0' \u003e\u003e /etc/fstab \nmount /data\n\necho \"Hello in file\" \u003e\u003e /data/runs.txt\n\r\n--MIMEBOUNDARY--\r\n"
                        },
                        "meta": {},
                        "tainted": false
                    },
                    "deposed": [],
                    "provider": "provider.template"
                },
                "data.template_file.t2_micro_init_script": {
                    "type": "template_file",
                    "depends_on": [],
                    "primary": {
                        "id": "a802cfaa73ae5de04a3afe0a4008510129f5bbfa24d4c2211575d728be72bc4c",
                        "attributes": {
                            "id": "a802cfaa73ae5de04a3afe0a4008510129f5bbfa24d4c2211575d728be72bc4c",
                            "rendered": "#cloud-config\n\nrepo_update: true\nrepo upgrade: all\n\npackages:\n  - docker.io\n  - lvm2\n\noutput:\n  all: '| tee -a /var/log/cloud-init-output.log'",
                            "template": "#cloud-config\n\nrepo_update: true\nrepo upgrade: all\n\npackages:\n  - docker.io\n  - lvm2\n\noutput:\n  all: '| tee -a /var/log/cloud-init-output.log'",
                            "vars.%": "1",
                            "vars.REGION": "eu-west-1"
                        },
                        "meta": {},
                        "tainted": false
                    },
                    "deposed": [],
                    "provider": "provider.template"
                },
                "data.template_file.t2_micro_shell_script": {
                    "type": "template_file",
                    "depends_on": [],
                    "primary": {
                        "id": "3036a86e0e48eb216c2f9970cc2dd338db65a816cb4e468801f3d921937ab75d",
                        "attributes": {
                            "id": "3036a86e0e48eb216c2f9970cc2dd338db65a816cb4e468801f3d921937ab75d",
                            "rendered": "#!/bin/bash\n\necho \"Hello from template bash\"\nvgchange -ay\nDEVICE_FS=`blkid -o value -s TYPE /dev/xvdh`\n\nif [ \"`echo -n $DEVICE_FS`\" == \"\" ] ; then\n    pvcreate /dev/xvdh\n    vgcreate data /dev/xvdh\n    lvcreate --name ebs_volume -l 100%FREE data \n    mkfs.ext4 /dev/data/ebs_volume\nfi\necho $DEVICE_FS\nmkdir -p /data\necho '/dev/data/ebs_volume /data ext4 defaults 0 0' \u003e\u003e /etc/fstab \nmount /data\n\necho \"Hello in file\" \u003e\u003e /data/runs.txt\n",
                            "template": "#!/bin/bash\n\necho \"Hello from template bash\"\nvgchange -ay\nDEVICE_FS=`blkid -o value -s TYPE ${DEVICE}`\n\nif [ \"`echo -n $DEVICE_FS`\" == \"\" ] ; then\n    pvcreate ${DEVICE}\n    vgcreate data ${DEVICE}\n    lvcreate --name ebs_volume -l 100%FREE data \n    mkfs.ext4 /dev/data/ebs_volume\nfi\necho $DEVICE_FS\nmkdir -p /data\necho '/dev/data/ebs_volume /data ext4 defaults 0 0' \u003e\u003e /etc/fstab \nmount /data\n\necho \"Hello in file\" \u003e\u003e /data/runs.txt\n",
                            "vars.%": "1",
                            "vars.DEVICE": "/dev/xvdh"
                        },
                        "meta": {},
                        "tainted": false
                    },
                    "deposed": [],
                    "provider": "provider.template"
                }
            },
            "depends_on": []
        }
    ]
}
