{
    "version": 3,
    "terraform_version": "0.11.11",
    "serial": 22,
    "lineage": "10e692b5-17cd-5ce9-f94e-b308d722c5b9",
    "modules": [
        {
            "path": [
                "root"
            ],
            "outputs": {
                "DB-Instance": {
                    "sensitive": false,
                    "type": "string",
                    "value": "perandr-db.chfxpwncy8j5.eu-west-1.rds.amazonaws.com"
                },
                "amis": {
                    "sensitive": false,
                    "type": "string",
                    "value": "ami-0b0aea60d5230c42c"
                },
                "cidr": {
                    "sensitive": false,
                    "type": "string",
                    "value": "${join(\";\",aws_subnet.demo12-db-private-subnet.*.cidr_block)}"
                },
                "public_ip": {
                    "sensitive": false,
                    "type": "string",
                    "value": "ssh ubuntu@34.245.44.100 -i demo9-key"
                }
            },
            "resources": {
                "aws_db_instance.main-db": {
                    "type": "aws_db_instance",
                    "depends_on": [
                        "aws_db_subnet_group.postgresql-subnet-group",
                        "aws_security_group.postgresql"
                    ],
                    "primary": {
                        "id": "perandr-db",
                        "attributes": {
                            "address": "perandr-db.chfxpwncy8j5.eu-west-1.rds.amazonaws.com",
                            "allocated_storage": "20",
                            "arn": "arn:aws:rds:eu-west-1:868631396238:db:perandr-db",
                            "auto_minor_version_upgrade": "true",
                            "availability_zone": "eu-west-1a",
                            "backup_retention_period": "0",
                            "backup_window": "00:54-01:24",
                            "ca_cert_identifier": "rds-ca-2015",
                            "copy_tags_to_snapshot": "false",
                            "db_subnet_group_name": "postgresql-subnet-group",
                            "deletion_protection": "false",
                            "domain": "",
                            "domain_iam_role_name": "",
                            "enabled_cloudwatch_logs_exports.#": "0",
                            "endpoint": "perandr-db.chfxpwncy8j5.eu-west-1.rds.amazonaws.com:5432",
                            "engine": "postgres",
                            "engine_version": "10.6",
                            "hosted_zone_id": "Z29XKXDKYMONMX",
                            "iam_database_authentication_enabled": "false",
                            "id": "perandr-db",
                            "identifier": "perandr-db",
                            "instance_class": "db.t2.small",
                            "iops": "0",
                            "kms_key_id": "",
                            "license_model": "postgresql-license",
                            "maintenance_window": "mon:03:17-mon:03:47",
                            "monitoring_interval": "0",
                            "multi_az": "false",
                            "name": "perandr_db",
                            "option_group_name": "default:postgres-10",
                            "parameter_group_name": "default.postgres10",
                            "password": "perandr-db-pwd1",
                            "port": "5432",
                            "publicly_accessible": "false",
                            "replicas.#": "0",
                            "replicate_source_db": "",
                            "resource_id": "db-QVVCGWQFP3DAY3TD32KJZ2UEVU",
                            "security_group_names.#": "0",
                            "skip_final_snapshot": "true",
                            "status": "available",
                            "storage_encrypted": "false",
                            "storage_type": "gp2",
                            "tags.%": "0",
                            "timezone": "",
                            "username": "perandr_db_user",
                            "vpc_security_group_ids.#": "1",
                            "vpc_security_group_ids.976738651": "sg-01a257e73bb5e9645"
                        },
                        "meta": {
                            "e2bfb730-ecaa-11e6-8f88-34363bc7c4c0": {
                                "create": 2400000000000,
                                "delete": 2400000000000,
                                "update": 4800000000000
                            }
                        },
                        "tainted": false
                    },
                    "deposed": [],
                    "provider": "provider.aws"
                },
                "aws_db_parameter_group.main-db-params": {
                    "type": "aws_db_parameter_group",
                    "depends_on": [],
                    "primary": {
                        "id": "main-rds-param-group",
                        "attributes": {
                            "arn": "arn:aws:rds:eu-west-1:868631396238:pg:main-rds-param-group",
                            "description": "Managed by Terraform",
                            "family": "postgres9.6",
                            "id": "main-rds-param-group",
                            "name": "main-rds-param-group",
                            "parameter.#": "1",
                            "parameter.2499195060.apply_method": "pending-reboot",
                            "parameter.2499195060.name": "max_connections",
                            "parameter.2499195060.value": "50",
                            "tags.%": "0"
                        },
                        "meta": {},
                        "tainted": false
                    },
                    "deposed": [],
                    "provider": "provider.aws"
                },
                "aws_db_subnet_group.db-subnet-group": {
                    "type": "aws_db_subnet_group",
                    "depends_on": [
                        "aws_subnet.demo12-db-private-subnet.*"
                    ],
                    "primary": {
                        "id": "main-db-subnet",
                        "attributes": {
                            "arn": "arn:aws:rds:eu-west-1:868631396238:subgrp:main-db-subnet",
                            "description": "RDS Subnet group",
                            "id": "main-db-subnet",
                            "name": "main-db-subnet",
                            "subnet_ids.#": "2",
                            "subnet_ids.1941933216": "subnet-0f9de73dfaf42ac1b",
                            "subnet_ids.3431991055": "subnet-007f5d371dc26d8ee",
                            "tags.%": "0"
                        },
                        "meta": {},
                        "tainted": false
                    },
                    "deposed": [],
                    "provider": "provider.aws"
                },
                "aws_db_subnet_group.postgresql-subnet-group": {
                    "type": "aws_db_subnet_group",
                    "depends_on": [
                        "aws_subnet.demo12-db-private-subnet.*",
                        "aws_subnet.demo9-pub-subnet"
                    ],
                    "primary": {
                        "id": "postgresql-subnet-group",
                        "attributes": {
                            "arn": "arn:aws:rds:eu-west-1:868631396238:subgrp:postgresql-subnet-group",
                            "description": "Managed by Terraform",
                            "id": "postgresql-subnet-group",
                            "name": "postgresql-subnet-group",
                            "subnet_ids.#": "3",
                            "subnet_ids.1941933216": "subnet-0f9de73dfaf42ac1b",
                            "subnet_ids.2908151337": "subnet-04c89890b27c68ac3",
                            "subnet_ids.3431991055": "subnet-007f5d371dc26d8ee",
                            "tags.%": "1",
                            "tags.Name": "Postgres subnet group"
                        },
                        "meta": {},
                        "tainted": false
                    },
                    "deposed": [],
                    "provider": "provider.aws"
                },
                "aws_default_security_group.demo9-vpc-sec-group": {
                    "type": "aws_default_security_group",
                    "depends_on": [
                        "aws_vpc.demo9-small-vpc"
                    ],
                    "primary": {
                        "id": "sg-068cb6c4f972a4ff8",
                        "attributes": {
                            "arn": "arn:aws:ec2:eu-west-1:868631396238:security-group/sg-068cb6c4f972a4ff8",
                            "egress.#": "1",
                            "egress.482069346.cidr_blocks.#": "1",
                            "egress.482069346.cidr_blocks.0": "0.0.0.0/0",
                            "egress.482069346.description": "",
                            "egress.482069346.from_port": "0",
                            "egress.482069346.ipv6_cidr_blocks.#": "0",
                            "egress.482069346.prefix_list_ids.#": "0",
                            "egress.482069346.protocol": "-1",
                            "egress.482069346.security_groups.#": "0",
                            "egress.482069346.self": "false",
                            "egress.482069346.to_port": "0",
                            "id": "sg-068cb6c4f972a4ff8",
                            "ingress.#": "1",
                            "ingress.2115302472.cidr_blocks.#": "1",
                            "ingress.2115302472.cidr_blocks.0": "213.159.247.126/32",
                            "ingress.2115302472.description": "",
                            "ingress.2115302472.from_port": "22",
                            "ingress.2115302472.ipv6_cidr_blocks.#": "0",
                            "ingress.2115302472.prefix_list_ids.#": "0",
                            "ingress.2115302472.protocol": "tcp",
                            "ingress.2115302472.security_groups.#": "0",
                            "ingress.2115302472.self": "false",
                            "ingress.2115302472.to_port": "22",
                            "name": "default",
                            "owner_id": "868631396238",
                            "revoke_rules_on_delete": "false",
                            "tags.%": "0",
                            "vpc_id": "vpc-0c2954aba5f6525d2"
                        },
                        "meta": {
                            "e2bfb730-ecaa-11e6-8f88-34363bc7c4c0": {
                                "create": 600000000000,
                                "delete": 600000000000
                            },
                            "schema_version": "1"
                        },
                        "tainted": false
                    },
                    "deposed": [],
                    "provider": "provider.aws"
                },
                "aws_instance.t2_micro": {
                    "type": "aws_instance",
                    "depends_on": [
                        "aws_key_pair.aws-t2_micro-key",
                        "aws_subnet.demo9-pub-subnet",
                        "data.aws_ami.ubuntu_amis"
                    ],
                    "primary": {
                        "id": "i-07a117265e6fd1efc",
                        "attributes": {
                            "ami": "ami-0b0aea60d5230c42c",
                            "arn": "arn:aws:ec2:eu-west-1:868631396238:instance/i-07a117265e6fd1efc",
                            "associate_public_ip_address": "true",
                            "availability_zone": "eu-west-1a",
                            "cpu_core_count": "1",
                            "cpu_threads_per_core": "1",
                            "credit_specification.#": "1",
                            "credit_specification.0.cpu_credits": "standard",
                            "disable_api_termination": "false",
                            "ebs_block_device.#": "0",
                            "ebs_optimized": "false",
                            "ephemeral_block_device.#": "0",
                            "get_password_data": "false",
                            "iam_instance_profile": "",
                            "id": "i-07a117265e6fd1efc",
                            "instance_state": "running",
                            "instance_type": "t2.micro",
                            "ipv6_addresses.#": "0",
                            "key_name": "aws-t2_micro-key",
                            "monitoring": "false",
                            "network_interface.#": "0",
                            "password_data": "",
                            "placement_group": "",
                            "primary_network_interface_id": "eni-047319ca59213d926",
                            "private_dns": "ip-10-0-1-239.eu-west-1.compute.internal",
                            "private_ip": "10.0.1.239",
                            "public_dns": "ec2-34-245-44-100.eu-west-1.compute.amazonaws.com",
                            "public_ip": "34.245.44.100",
                            "root_block_device.#": "1",
                            "root_block_device.0.delete_on_termination": "true",
                            "root_block_device.0.iops": "100",
                            "root_block_device.0.volume_id": "vol-0da0f73704792904c",
                            "root_block_device.0.volume_size": "8",
                            "root_block_device.0.volume_type": "gp2",
                            "security_groups.#": "0",
                            "source_dest_check": "true",
                            "subnet_id": "subnet-04c89890b27c68ac3",
                            "tags.%": "1",
                            "tags.Name": "T2_Micro_terraform",
                            "tenancy": "default",
                            "volume_tags.%": "0",
                            "vpc_security_group_ids.#": "1",
                            "vpc_security_group_ids.2834627161": "sg-068cb6c4f972a4ff8"
                        },
                        "meta": {
                            "e2bfb730-ecaa-11e6-8f88-34363bc7c4c0": {
                                "create": 600000000000,
                                "delete": 1200000000000,
                                "update": 600000000000
                            },
                            "schema_version": "1"
                        },
                        "tainted": false
                    },
                    "deposed": [],
                    "provider": "provider.aws"
                },
                "aws_internet_gateway.demo9-small-vpc-gw": {
                    "type": "aws_internet_gateway",
                    "depends_on": [
                        "aws_vpc.demo9-small-vpc"
                    ],
                    "primary": {
                        "id": "igw-0ed590e6d30bf89ae",
                        "attributes": {
                            "id": "igw-0ed590e6d30bf89ae",
                            "owner_id": "868631396238",
                            "tags.%": "0",
                            "vpc_id": "vpc-0c2954aba5f6525d2"
                        },
                        "meta": {},
                        "tainted": false
                    },
                    "deposed": [],
                    "provider": "provider.aws"
                },
                "aws_key_pair.aws-t2_micro-key": {
                    "type": "aws_key_pair",
                    "depends_on": [],
                    "primary": {
                        "id": "aws-t2_micro-key",
                        "attributes": {
                            "fingerprint": "f1:ca:00:aa:d2:2a:55:79:bf:cd:18:07:47:fc:57:0a",
                            "id": "aws-t2_micro-key",
                            "key_name": "aws-t2_micro-key",
                            "public_key": "ssh-rsa AAAAB3NzaC1yc2EAAAADAQABAAABAQDIx1SuzFw+nKjye2+EUaXkJ0k3u86GWCN4LagimYlQFBwrSNCya2RJI6tAzWe9YePjriEJ3vNgiyBLOKYSlrtRpwvNo/z19eJDIrTtwDD5Xwc9Ri+kykJmpKV9Fp3CDzPrtYAqSN3qP7Bsa4r7hQ8vCWI71Gun4UwDWMSdce3cs86NLDjT6Lw/jLqMLiJu7SkBy8qobp7/YJ9FwO+J26JeOTdyKV8d7ua/KDdVB485wBspn3ybnA5ruSztowAqFLRbh1oaFlRPj6sqSEga5t0CE5yUvqRtBvhADxCB2LHso9dI/Czzw9NapyjUcL4yPZR08Uh/n5vdmlF1BPWqnnhJ perandr@perandr-XPS15"
                        },
                        "meta": {
                            "schema_version": "1"
                        },
                        "tainted": false
                    },
                    "deposed": [],
                    "provider": "provider.aws"
                },
                "aws_route_table.demo9-route-table": {
                    "type": "aws_route_table",
                    "depends_on": [
                        "aws_internet_gateway.demo9-small-vpc-gw",
                        "aws_vpc.demo9-small-vpc"
                    ],
                    "primary": {
                        "id": "rtb-05c7d17915d9b09bd",
                        "attributes": {
                            "id": "rtb-05c7d17915d9b09bd",
                            "owner_id": "868631396238",
                            "propagating_vgws.#": "0",
                            "route.#": "1",
                            "route.3017998838.cidr_block": "0.0.0.0/0",
                            "route.3017998838.egress_only_gateway_id": "",
                            "route.3017998838.gateway_id": "igw-0ed590e6d30bf89ae",
                            "route.3017998838.instance_id": "",
                            "route.3017998838.ipv6_cidr_block": "",
                            "route.3017998838.nat_gateway_id": "",
                            "route.3017998838.network_interface_id": "",
                            "route.3017998838.transit_gateway_id": "",
                            "route.3017998838.vpc_peering_connection_id": "",
                            "tags.%": "0",
                            "vpc_id": "vpc-0c2954aba5f6525d2"
                        },
                        "meta": {},
                        "tainted": false
                    },
                    "deposed": [],
                    "provider": "provider.aws"
                },
                "aws_route_table_association.demo9-route-table-assoc": {
                    "type": "aws_route_table_association",
                    "depends_on": [
                        "aws_route_table.demo9-route-table",
                        "aws_subnet.demo9-pub-subnet"
                    ],
                    "primary": {
                        "id": "rtbassoc-0aa28da4eba498899",
                        "attributes": {
                            "id": "rtbassoc-0aa28da4eba498899",
                            "route_table_id": "rtb-05c7d17915d9b09bd",
                            "subnet_id": "subnet-04c89890b27c68ac3"
                        },
                        "meta": {},
                        "tainted": false
                    },
                    "deposed": [],
                    "provider": "provider.aws"
                },
                "aws_security_group.postgresql": {
                    "type": "aws_security_group",
                    "depends_on": [
                        "aws_vpc.demo9-small-vpc"
                    ],
                    "primary": {
                        "id": "sg-01a257e73bb5e9645",
                        "attributes": {
                            "arn": "arn:aws:ec2:eu-west-1:868631396238:security-group/sg-01a257e73bb5e9645",
                            "description": "Managed by Terraform",
                            "egress.#": "0",
                            "id": "sg-01a257e73bb5e9645",
                            "ingress.#": "1",
                            "ingress.977928104.cidr_blocks.#": "1",
                            "ingress.977928104.cidr_blocks.0": "0.0.0.0/0",
                            "ingress.977928104.description": "",
                            "ingress.977928104.from_port": "5432",
                            "ingress.977928104.ipv6_cidr_blocks.#": "0",
                            "ingress.977928104.prefix_list_ids.#": "0",
                            "ingress.977928104.protocol": "tcp",
                            "ingress.977928104.security_groups.#": "0",
                            "ingress.977928104.self": "false",
                            "ingress.977928104.to_port": "5433",
                            "name": "terraform-20190324085648337700000001",
                            "owner_id": "868631396238",
                            "revoke_rules_on_delete": "false",
                            "tags.%": "0",
                            "vpc_id": "vpc-0c2954aba5f6525d2"
                        },
                        "meta": {
                            "e2bfb730-ecaa-11e6-8f88-34363bc7c4c0": {
                                "create": 600000000000,
                                "delete": 600000000000
                            },
                            "schema_version": "1"
                        },
                        "tainted": false
                    },
                    "deposed": [],
                    "provider": "provider.aws"
                },
                "aws_subnet.demo12-db-private-subnet.0": {
                    "type": "aws_subnet",
                    "depends_on": [
                        "aws_vpc.demo9-small-vpc",
                        "data.aws_availability_zones.main"
                    ],
                    "primary": {
                        "id": "subnet-007f5d371dc26d8ee",
                        "attributes": {
                            "arn": "arn:aws:ec2:eu-west-1:868631396238:subnet/subnet-007f5d371dc26d8ee",
                            "assign_ipv6_address_on_creation": "false",
                            "availability_zone": "eu-west-1a",
                            "availability_zone_id": "euw1-az2",
                            "cidr_block": "10.0.0.0/25",
                            "id": "subnet-007f5d371dc26d8ee",
                            "ipv6_cidr_block": "",
                            "ipv6_cidr_block_association_id": "",
                            "map_public_ip_on_launch": "false",
                            "owner_id": "868631396238",
                            "tags.%": "0",
                            "vpc_id": "vpc-0c2954aba5f6525d2"
                        },
                        "meta": {
                            "e2bfb730-ecaa-11e6-8f88-34363bc7c4c0": {
                                "create": 600000000000,
                                "delete": 600000000000
                            },
                            "schema_version": "1"
                        },
                        "tainted": false
                    },
                    "deposed": [],
                    "provider": "provider.aws"
                },
                "aws_subnet.demo12-db-private-subnet.1": {
                    "type": "aws_subnet",
                    "depends_on": [
                        "aws_vpc.demo9-small-vpc",
                        "data.aws_availability_zones.main"
                    ],
                    "primary": {
                        "id": "subnet-0f9de73dfaf42ac1b",
                        "attributes": {
                            "arn": "arn:aws:ec2:eu-west-1:868631396238:subnet/subnet-0f9de73dfaf42ac1b",
                            "assign_ipv6_address_on_creation": "false",
                            "availability_zone": "eu-west-1b",
                            "availability_zone_id": "euw1-az3",
                            "cidr_block": "10.0.0.128/25",
                            "id": "subnet-0f9de73dfaf42ac1b",
                            "ipv6_cidr_block": "",
                            "ipv6_cidr_block_association_id": "",
                            "map_public_ip_on_launch": "false",
                            "owner_id": "868631396238",
                            "tags.%": "0",
                            "vpc_id": "vpc-0c2954aba5f6525d2"
                        },
                        "meta": {
                            "e2bfb730-ecaa-11e6-8f88-34363bc7c4c0": {
                                "create": 600000000000,
                                "delete": 600000000000
                            },
                            "schema_version": "1"
                        },
                        "tainted": false
                    },
                    "deposed": [],
                    "provider": "provider.aws"
                },
                "aws_subnet.demo9-pub-subnet": {
                    "type": "aws_subnet",
                    "depends_on": [
                        "aws_vpc.demo9-small-vpc"
                    ],
                    "primary": {
                        "id": "subnet-04c89890b27c68ac3",
                        "attributes": {
                            "arn": "arn:aws:ec2:eu-west-1:868631396238:subnet/subnet-04c89890b27c68ac3",
                            "assign_ipv6_address_on_creation": "false",
                            "availability_zone": "eu-west-1a",
                            "availability_zone_id": "euw1-az2",
                            "cidr_block": "10.0.1.0/24",
                            "id": "subnet-04c89890b27c68ac3",
                            "ipv6_cidr_block": "",
                            "ipv6_cidr_block_association_id": "",
                            "map_public_ip_on_launch": "true",
                            "owner_id": "868631396238",
                            "tags.%": "0",
                            "vpc_id": "vpc-0c2954aba5f6525d2"
                        },
                        "meta": {
                            "e2bfb730-ecaa-11e6-8f88-34363bc7c4c0": {
                                "create": 600000000000,
                                "delete": 600000000000
                            },
                            "schema_version": "1"
                        },
                        "tainted": false
                    },
                    "deposed": [],
                    "provider": "provider.aws"
                },
                "aws_vpc.demo9-small-vpc": {
                    "type": "aws_vpc",
                    "depends_on": [],
                    "primary": {
                        "id": "vpc-0c2954aba5f6525d2",
                        "attributes": {
                            "arn": "arn:aws:ec2:eu-west-1:868631396238:vpc/vpc-0c2954aba5f6525d2",
                            "assign_generated_ipv6_cidr_block": "false",
                            "cidr_block": "10.0.0.0/16",
                            "default_network_acl_id": "acl-08c459c10c099e7b4",
                            "default_route_table_id": "rtb-07f9d9e24f6194663",
                            "default_security_group_id": "sg-068cb6c4f972a4ff8",
                            "dhcp_options_id": "dopt-a16f0fc7",
                            "enable_classiclink": "false",
                            "enable_classiclink_dns_support": "false",
                            "enable_dns_hostnames": "true",
                            "enable_dns_support": "true",
                            "id": "vpc-0c2954aba5f6525d2",
                            "instance_tenancy": "default",
                            "ipv6_association_id": "",
                            "ipv6_cidr_block": "",
                            "main_route_table_id": "rtb-07f9d9e24f6194663",
                            "owner_id": "868631396238",
                            "tags.%": "0"
                        },
                        "meta": {
                            "schema_version": "1"
                        },
                        "tainted": false
                    },
                    "deposed": [],
                    "provider": "provider.aws"
                },
                "data.aws_ami.ubuntu_amis": {
                    "type": "aws_ami",
                    "depends_on": [],
                    "primary": {
                        "id": "ami-0b0aea60d5230c42c",
                        "attributes": {
                            "architecture": "x86_64",
                            "block_device_mappings.#": "3",
                            "block_device_mappings.1634610537.device_name": "/dev/sdb",
                            "block_device_mappings.1634610537.ebs.%": "0",
                            "block_device_mappings.1634610537.no_device": "",
                            "block_device_mappings.1634610537.virtual_name": "ephemeral0",
                            "block_device_mappings.2547816212.device_name": "/dev/sda1",
                            "block_device_mappings.2547816212.ebs.%": "6",
                            "block_device_mappings.2547816212.ebs.delete_on_termination": "true",
                            "block_device_mappings.2547816212.ebs.encrypted": "false",
                            "block_device_mappings.2547816212.ebs.iops": "0",
                            "block_device_mappings.2547816212.ebs.snapshot_id": "snap-029c841b02d957dd6",
                            "block_device_mappings.2547816212.ebs.volume_size": "8",
                            "block_device_mappings.2547816212.ebs.volume_type": "gp2",
                            "block_device_mappings.2547816212.no_device": "",
                            "block_device_mappings.2547816212.virtual_name": "",
                            "block_device_mappings.3850042718.device_name": "/dev/sdc",
                            "block_device_mappings.3850042718.ebs.%": "0",
                            "block_device_mappings.3850042718.no_device": "",
                            "block_device_mappings.3850042718.virtual_name": "ephemeral1",
                            "creation_date": "2019-02-13T12:36:51.000Z",
                            "description": "Canonical, Ubuntu Minimal, 18.04 LTS, amd64 bionic image build on 2019-02-12",
                            "filter.#": "2",
                            "filter.2397658431.name": "name",
                            "filter.2397658431.values.#": "1",
                            "filter.2397658431.values.0": "*ubuntu-minimal/images/hvm-ssd/ubuntu-bionic-18.04*",
                            "filter.490168357.name": "virtualization-type",
                            "filter.490168357.values.#": "1",
                            "filter.490168357.values.0": "hvm",
                            "hypervisor": "xen",
                            "id": "ami-0b0aea60d5230c42c",
                            "image_id": "ami-0b0aea60d5230c42c",
                            "image_location": "099720109477/ubuntu-minimal/images/hvm-ssd/ubuntu-bionic-18.04-amd64-minimal-20190212",
                            "image_type": "machine",
                            "most_recent": "true",
                            "name": "ubuntu-minimal/images/hvm-ssd/ubuntu-bionic-18.04-amd64-minimal-20190212",
                            "owner_id": "099720109477",
                            "owners.#": "1",
                            "owners.0": "099720109477",
                            "product_codes.#": "0",
                            "public": "true",
                            "root_device_name": "/dev/sda1",
                            "root_device_type": "ebs",
                            "root_snapshot_id": "snap-029c841b02d957dd6",
                            "sriov_net_support": "simple",
                            "state": "available",
                            "state_reason.%": "2",
                            "state_reason.code": "UNSET",
                            "state_reason.message": "UNSET",
                            "tags.%": "0",
                            "virtualization_type": "hvm"
                        },
                        "meta": {},
                        "tainted": false
                    },
                    "deposed": [],
                    "provider": "provider.aws"
                },
                "data.aws_availability_zones.main": {
                    "type": "aws_availability_zones",
                    "depends_on": [],
                    "primary": {
                        "id": "2019-03-24 09:04:13.008051066 +0000 UTC",
                        "attributes": {
                            "id": "2019-03-24 09:04:13.008051066 +0000 UTC",
                            "names.#": "3",
                            "names.0": "eu-west-1a",
                            "names.1": "eu-west-1b",
                            "names.2": "eu-west-1c",
                            "zone_ids.#": "3",
                            "zone_ids.0": "euw1-az2",
                            "zone_ids.1": "euw1-az3",
                            "zone_ids.2": "euw1-az1"
                        },
                        "meta": {},
                        "tainted": false
                    },
                    "deposed": [],
                    "provider": "provider.aws"
                }
            },
            "depends_on": []
        }
    ]
}
